// !$*UTF8*$!
{
	archiveVersion = 1;
	classes = {
	};
	objectVersion = 56;
	objects = {

/* Begin PBXBuildFile section */
		840E0DED2A069583003DDCAF /* AppDelegate.swift in Sources */ = {isa = PBXBuildFile; fileRef = 840E0DEC2A069583003DDCAF /* AppDelegate.swift */; };
		840E0DEF2A069583003DDCAF /* SceneDelegate.swift in Sources */ = {isa = PBXBuildFile; fileRef = 840E0DEE2A069583003DDCAF /* SceneDelegate.swift */; };
		840E0DF12A069583003DDCAF /* MainViewController.swift in Sources */ = {isa = PBXBuildFile; fileRef = 840E0DF02A069583003DDCAF /* MainViewController.swift */; };
		840E0DF42A069583003DDCAF /* Main.storyboard in Resources */ = {isa = PBXBuildFile; fileRef = 840E0DF22A069583003DDCAF /* Main.storyboard */; };
		840E0DF62A069585003DDCAF /* Assets.xcassets in Resources */ = {isa = PBXBuildFile; fileRef = 840E0DF52A069585003DDCAF /* Assets.xcassets */; };
		840E0DF92A069585003DDCAF /* LaunchScreen.storyboard in Resources */ = {isa = PBXBuildFile; fileRef = 840E0DF72A069585003DDCAF /* LaunchScreen.storyboard */; };
		840E0E012A0695E6003DDCAF /* RickAndMorty.swift in Sources */ = {isa = PBXBuildFile; fileRef = 840E0E002A0695E6003DDCAF /* RickAndMorty.swift */; };
/* End PBXBuildFile section */

/* Begin PBXFileReference section */
		840E0DE92A069583003DDCAF /* URLWord_HW_PB.app */ = {isa = PBXFileReference; explicitFileType = wrapper.application; includeInIndex = 0; path = URLWord_HW_PB.app; sourceTree = BUILT_PRODUCTS_DIR; };
		840E0DEC2A069583003DDCAF /* AppDelegate.swift */ = {isa = PBXFileReference; lastKnownFileType = sourcecode.swift; path = AppDelegate.swift; sourceTree = "<group>"; };
		840E0DEE2A069583003DDCAF /* SceneDelegate.swift */ = {isa = PBXFileReference; lastKnownFileType = sourcecode.swift; path = SceneDelegate.swift; sourceTree = "<group>"; };
		840E0DF02A069583003DDCAF /* MainViewController.swift */ = {isa = PBXFileReference; lastKnownFileType = sourcecode.swift; path = MainViewController.swift; sourceTree = "<group>"; };
		840E0DF32A069583003DDCAF /* Base */ = {isa = PBXFileReference; lastKnownFileType = file.storyboard; name = Base; path = Base.lproj/Main.storyboard; sourceTree = "<group>"; };
		840E0DF52A069585003DDCAF /* Assets.xcassets */ = {isa = PBXFileReference; lastKnownFileType = folder.assetcatalog; path = Assets.xcassets; sourceTree = "<group>"; };
		840E0DF82A069585003DDCAF /* Base */ = {isa = PBXFileReference; lastKnownFileType = file.storyboard; name = Base; path = Base.lproj/LaunchScreen.storyboard; sourceTree = "<group>"; };
		840E0DFA2A069585003DDCAF /* Info.plist */ = {isa = PBXFileReference; lastKnownFileType = text.plist.xml; path = Info.plist; sourceTree = "<group>"; };
		840E0E002A0695E6003DDCAF /* RickAndMorty.swift */ = {isa = PBXFileReference; lastKnownFileType = sourcecode.swift; path = RickAndMorty.swift; sourceTree = "<group>"; };
/* End PBXFileReference section */

/* Begin PBXFrameworksBuildPhase section */
		840E0DE62A069583003DDCAF /* Frameworks */ = {
			isa = PBXFrameworksBuildPhase;
			buildActionMask = 2147483647;
			files = (
			);
			runOnlyForDeploymentPostprocessing = 0;
		};
/* End PBXFrameworksBuildPhase section */

/* Begin PBXGroup section */
		840E0DE02A069583003DDCAF = {
			isa = PBXGroup;
			children = (
				840E0DEB2A069583003DDCAF /* URLWord_HW_PB */,
				840E0DEA2A069583003DDCAF /* Products */,
			);
			sourceTree = "<group>";
		};
		840E0DEA2A069583003DDCAF /* Products */ = {
			isa = PBXGroup;
			children = (
				840E0DE92A069583003DDCAF /* URLWord_HW_PB.app */,
			);
			name = Products;
			sourceTree = "<group>";
		};
		840E0DEB2A069583003DDCAF /* URLWord_HW_PB */ = {
			isa = PBXGroup;
			children = (
				840E0E032A077611003DDCAF /* ViewControllers */,
				840E0E022A0775FF003DDCAF /* Models */,
				840E0E042A077632003DDCAF /* Storyboards */,
				840E0DF52A069585003DDCAF /* Assets.xcassets */,
				840E0DFA2A069585003DDCAF /* Info.plist */,
			);
			path = URLWord_HW_PB;
			sourceTree = "<group>";
		};
		840E0E022A0775FF003DDCAF /* Models */ = {
			isa = PBXGroup;
			children = (
				840E0E002A0695E6003DDCAF /* RickAndMorty.swift */,
			);
			path = Models;
			sourceTree = "<group>";
		};
		840E0E032A077611003DDCAF /* ViewControllers */ = {
			isa = PBXGroup;
			children = (
				840E0DEC2A069583003DDCAF /* AppDelegate.swift */,
				840E0DEE2A069583003DDCAF /* SceneDelegate.swift */,
				840E0DF02A069583003DDCAF /* MainViewController.swift */,
			);
			path = ViewControllers;
			sourceTree = "<group>";
		};
		840E0E042A077632003DDCAF /* Storyboards */ = {
			isa = PBXGroup;
			children = (
				840E0DF22A069583003DDCAF /* Main.storyboard */,
				840E0DF72A069585003DDCAF /* LaunchScreen.storyboard */,
			);
			path = Storyboards;
			sourceTree = "<group>";
		};
/* End PBXGroup section */

/* Begin PBXNativeTarget section */
		840E0DE82A069583003DDCAF /* URLWord_HW_PB */ = {
			isa = PBXNativeTarget;
			buildConfigurationList = 840E0DFD2A069585003DDCAF /* Build configuration list for PBXNativeTarget "URLWord_HW_PB" */;
			buildPhases = (
				840E0DE52A069583003DDCAF /* Sources */,
				840E0DE62A069583003DDCAF /* Frameworks */,
				840E0DE72A069583003DDCAF /* Resources */,
			);
			buildRules = (
			);
			dependencies = (
			);
			name = URLWord_HW_PB;
			productName = URLWord_HW_PB;
			productReference = 840E0DE92A069583003DDCAF /* URLWord_HW_PB.app */;
			productType = "com.apple.product-type.application";
		};
/* End PBXNativeTarget section */

/* Begin PBXProject section */
		840E0DE12A069583003DDCAF /* Project object */ = {
			isa = PBXProject;
			attributes = {
				BuildIndependentTargetsInParallel = 1;
				LastSwiftUpdateCheck = 1420;
				LastUpgradeCheck = 1420;
				TargetAttributes = {
					840E0DE82A069583003DDCAF = {
						CreatedOnToolsVersion = 14.2;
					};
				};
			};
			buildConfigurationList = 840E0DE42A069583003DDCAF /* Build configuration list for PBXProject "URLWord_HW_PB" */;
			compatibilityVersion = "Xcode 14.0";
			developmentRegion = en;
			hasScannedForEncodings = 0;
			knownRegions = (
				en,
				Base,
			);
			mainGroup = 840E0DE02A069583003DDCAF;
			productRefGroup = 840E0DEA2A069583003DDCAF /* Products */;
			projectDirPath = "";
			projectRoot = "";
			targets = (
				840E0DE82A069583003DDCAF /* URLWord_HW_PB */,
			);
		};
/* End PBXProject section */

/* Begin PBXResourcesBuildPhase section */
		840E0DE72A069583003DDCAF /* Resources */ = {
			isa = PBXResourcesBuildPhase;
			buildActionMask = 2147483647;
			files = (
				840E0DF92A069585003DDCAF /* LaunchScreen.storyboard in Resources */,
				840E0DF62A069585003DDCAF /* Assets.xcassets in Resources */,
				840E0DF42A069583003DDCAF /* Main.storyboard in Resources */,
			);
			runOnlyForDeploymentPostprocessing = 0;
		};
/* End PBXResourcesBuildPhase section */

/* Begin PBXSourcesBuildPhase section */
		840E0DE52A069583003DDCAF /* Sources */ = {
			isa = PBXSourcesBuildPhase;
			buildActionMask = 2147483647;
			files = (
				840E0DF12A069583003DDCAF /* MainViewController.swift in Sources */,
				840E0DED2A069583003DDCAF /* AppDelegate.swift in Sources */,
				840E0DEF2A069583003DDCAF /* SceneDelegate.swift in Sources */,
				840E0E012A0695E6003DDCAF /* RickAndMorty.swift in Sources */,
			);
			runOnlyForDeploymentPostprocessing = 0;
		};
/* End PBXSourcesBuildPhase section */

/* Begin PBXVariantGroup section */
		840E0DF22A069583003DDCAF /* Main.storyboard */ = {
			isa = PBXVariantGroup;
			children = (
				840E0DF32A069583003DDCAF /* Base */,
			);
			name = Main.storyboard;
			sourceTree = "<group>";
		};
		840E0DF72A069585003DDCAF /* LaunchScreen.storyboard */ = {
			isa = PBXVariantGroup;
			children = (
				840E0DF82A069585003DDCAF /* Base */,
			);
			name = LaunchScreen.storyboard;
			sourceTree = "<group>";
		};
/* End PBXVariantGroup section */

/* Begin XCBuildConfiguration section */
		840E0DFB2A069585003DDCAF /* Debug */ = {
			isa = XCBuildConfiguration;
			buildSettings = {
				ALWAYS_SEARCH_USER_PATHS = NO;
				CLANG_ANALYZER_NONNULL = YES;
				CLANG_ANALYZER_NUMBER_OBJECT_CONVERSION = YES_AGGRESSIVE;
				CLANG_CXX_LANGUAGE_STANDARD = "gnu++20";
				CLANG_ENABLE_MODULES = YES;
				CLANG_ENABLE_OBJC_ARC = YES;
				CLANG_ENABLE_OBJC_WEAK = YES;
				CLANG_WARN_BLOCK_CAPTURE_AUTORELEASING = YES;
				CLANG_WARN_BOOL_CONVERSION = YES;
				CLANG_WARN_COMMA = YES;
				CLANG_WARN_CONSTANT_CONVERSION = YES;
				CLANG_WARN_DEPRECATED_OBJC_IMPLEMENTATIONS = YES;
				CLANG_WARN_DIRECT_OBJC_ISA_USAGE = YES_ERROR;
				CLANG_WARN_DOCUMENTATION_COMMENTS = YES;
				CLANG_WARN_EMPTY_BODY = YES;
				CLANG_WARN_ENUM_CONVERSION = YES;
				CLANG_WARN_INFINITE_RECURSION = YES;
				CLANG_WARN_INT_CONVERSION = YES;
				CLANG_WARN_NON_LITERAL_NULL_CONVERSION = YES;
				CLANG_WARN_OBJC_IMPLICIT_RETAIN_SELF = YES;
				CLANG_WARN_OBJC_LITERAL_CONVERSION = YES;
				CLANG_WARN_OBJC_ROOT_CLASS = YES_ERROR;
				CLANG_WARN_QUOTED_INCLUDE_IN_FRAMEWORK_HEADER = YES;
				CLANG_WARN_RANGE_LOOP_ANALYSIS = YES;
				CLANG_WARN_STRICT_PROTOTYPES = YES;
				CLANG_WARN_SUSPICIOUS_MOVE = YES;
				CLANG_WARN_UNGUARDED_AVAILABILITY = YES_AGGRESSIVE;
				CLANG_WARN_UNREACHABLE_CODE = YES;
				CLANG_WARN__DUPLICATE_METHOD_MATCH = YES;
				COPY_PHASE_STRIP = NO;
				DEBUG_INFORMATION_FORMAT = dwarf;
				ENABLE_STRICT_OBJC_MSGSEND = YES;
				ENABLE_TESTABILITY = YES;
				GCC_C_LANGUAGE_STANDARD = gnu11;
				GCC_DYNAMIC_NO_PIC = NO;
				GCC_NO_COMMON_BLOCKS = YES;
				GCC_OPTIMIZATION_LEVEL = 0;
				GCC_PREPROCESSOR_DEFINITIONS = (
					"DEBUG=1",
					"$(inherited)",
				);
				GCC_WARN_64_TO_32_BIT_CONVERSION = YES;
				GCC_WARN_ABOUT_RETURN_TYPE = YES_ERROR;
				GCC_WARN_UNDECLARED_SELECTOR = YES;
				GCC_WARN_UNINITIALIZED_AUTOS = YES_AGGRESSIVE;
				GCC_WARN_UNUSED_FUNCTION = YES;
				GCC_WARN_UNUSED_VARIABLE = YES;
				IPHONEOS_DEPLOYMENT_TARGET = 16.2;
				MTL_ENABLE_DEBUG_INFO = INCLUDE_SOURCE;
				MTL_FAST_MATH = YES;
				ONLY_ACTIVE_ARCH = YES;
				SDKROOT = iphoneos;
				SWIFT_ACTIVE_COMPILATION_CONDITIONS = DEBUG;
				SWIFT_OPTIMIZATION_LEVEL = "-Onone";
			};
			name = Debug;
		};
		840E0DFC2A069585003DDCAF /* Release */ = {
			isa = XCBuildConfiguration;
			buildSettings = {
				ALWAYS_SEARCH_USER_PATHS = NO;
				CLANG_ANALYZER_NONNULL = YES;
				CLANG_ANALYZER_NUMBER_OBJECT_CONVERSION = YES_AGGRESSIVE;
				CLANG_CXX_LANGUAGE_STANDARD = "gnu++20";
				CLANG_ENABLE_MODULES = YES;
				CLANG_ENABLE_OBJC_ARC = YES;
				CLANG_ENABLE_OBJC_WEAK = YES;
				CLANG_WARN_BLOCK_CAPTURE_AUTORELEASING = YES;
				CLANG_WARN_BOOL_CONVERSION = YES;
				CLANG_WARN_COMMA = YES;
				CLANG_WARN_CONSTANT_CONVERSION = YES;
				CLANG_WARN_DEPRECATED_OBJC_IMPLEMENTATIONS = YES;
				CLANG_WARN_DIRECT_OBJC_ISA_USAGE = YES_ERROR;
				CLANG_WARN_DOCUMENTATION_COMMENTS = YES;
				CLANG_WARN_EMPTY_BODY = YES;
				CLANG_WARN_ENUM_CONVERSION = YES;
				CLANG_WARN_INFINITE_RECURSION = YES;
				CLANG_WARN_INT_CONVERSION = YES;
				CLANG_WARN_NON_LITERAL_NULL_CONVERSION = YES;
				CLANG_WARN_OBJC_IMPLICIT_RETAIN_SELF = YES;
				CLANG_WARN_OBJC_LITERAL_CONVERSION = YES;
				CLANG_WARN_OBJC_ROOT_CLASS = YES_ERROR;
				CLANG_WARN_QUOTED_INCLUDE_IN_FRAMEWORK_HEADER = YES;
				CLANG_WARN_RANGE_LOOP_ANALYSIS = YES;
				CLANG_WARN_STRICT_PROTOTYPES = YES;
				CLANG_WARN_SUSPICIOUS_MOVE = YES;
				CLANG_WARN_UNGUARDED_AVAILABILITY = YES_AGGRESSIVE;
				CLANG_WARN_UNREACHABLE_CODE = YES;
				CLANG_WARN__DUPLICATE_METHOD_MATCH = YES;
				COPY_PHASE_STRIP = NO;
				DEBUG_INFORMATION_FORMAT = "dwarf-with-dsym";
				ENABLE_NS_ASSERTIONS = NO;
				ENABLE_STRICT_OBJC_MSGSEND = YES;
				GCC_C_LANGUAGE_STANDARD = gnu11;
				GCC_NO_COMMON_BLOCKS = YES;
				GCC_WARN_64_TO_32_BIT_CONVERSION = YES;
				GCC_WARN_ABOUT_RETURN_TYPE = YES_ERROR;
				GCC_WARN_UNDECLARED_SELECTOR = YES;
				GCC_WARN_UNINITIALIZED_AUTOS = YES_AGGRESSIVE;
				GCC_WARN_UNUSED_FUNCTION = YES;
				GCC_WARN_UNUSED_VARIABLE = YES;
				IPHONEOS_DEPLOYMENT_TARGET = 16.2;
				MTL_ENABLE_DEBUG_INFO = NO;
				MTL_FAST_MATH = YES;
				SDKROOT = iphoneos;
				SWIFT_COMPILATION_MODE = wholemodule;
				SWIFT_OPTIMIZATION_LEVEL = "-O";
				VALIDATE_PRODUCT = YES;
			};
			name = Release;
		};
		840E0DFE2A069585003DDCAF /* Debug */ = {
			isa = XCBuildConfiguration;
			buildSettings = {
				ASSETCATALOG_COMPILER_APPICON_NAME = AppIcon;
				ASSETCATALOG_COMPILER_GLOBAL_ACCENT_COLOR_NAME = AccentColor;
				CODE_SIGN_STYLE = Automatic;
				CURRENT_PROJECT_VERSION = 1;
				GENERATE_INFOPLIST_FILE = YES;
				INFOPLIST_FILE = URLWord_HW_PB/Info.plist;
				INFOPLIST_KEY_UIApplicationSupportsIndirectInputEvents = YES;
				INFOPLIST_KEY_UILaunchStoryboardName = LaunchScreen;
				INFOPLIST_KEY_UIMainStoryboardFile = Main;
				INFOPLIST_KEY_UISupportedInterfaceOrientations_iPad = "UIInterfaceOrientationPortrait UIInterfaceOrientationPortraitUpsideDown UIInterfaceOrientationLandscapeLeft UIInterfaceOrientationLandscapeRight";
				INFOPLIST_KEY_UISupportedInterfaceOrientations_iPhone = "UIInterfaceOrientationPortrait UIInterfaceOrientationLandscapeLeft UIInterfaceOrientationLandscapeRight";
				IPHONEOS_DEPLOYMENT_TARGET = 15.4;
				LD_RUNPATH_SEARCH_PATHS = (
					"$(inherited)",
					"@executable_path/Frameworks",
				);
				MARKETING_VERSION = 1.0;
				PRODUCT_BUNDLE_IDENTIFIER = "ru.PB.URLWord-HW-PB";
				PRODUCT_NAME = "$(TARGET_NAME)";
				SUPPORTED_PLATFORMS = "iphoneos iphonesimulator";
				SUPPORTS_MACCATALYST = NO;
				SUPPORTS_MAC_DESIGNED_FOR_IPHONE_IPAD = NO;
				SWIFT_EMIT_LOC_STRINGS = YES;
				SWIFT_VERSION = 5.0;
				TARGETED_DEVICE_FAMILY = 1;
			};
			name = Debug;
		};
		840E0DFF2A069585003DDCAF /* Release */ = {
			isa = XCBuildConfiguration;
			buildSettings = {
				ASSETCATALOG_COMPILER_APPICON_NAME = AppIcon;
				ASSETCATALOG_COMPILER_GLOBAL_ACCENT_COLOR_NAME = AccentColor;
				CODE_SIGN_STYLE = Automatic;
				CURRENT_PROJECT_VERSION = 1;
				GENERATE_INFOPLIST_FILE = YES;
				INFOPLIST_FILE = URLWord_HW_PB/Info.plist;
				INFOPLIST_KEY_UIApplicationSupportsIndirectInputEvents = YES;
				INFOPLIST_KEY_UILaunchStoryboardName = LaunchScreen;
				INFOPLIST_KEY_UIMainStoryboardFile = Main;
				INFOPLIST_KEY_UISupportedInterfaceOrientations_iPad = "UIInterfaceOrientationPortrait UIInterfaceOrientationPortraitUpsideDown UIInterfaceOrientationLandscapeLeft UIInterfaceOrientationLandscapeRight";
				INFOPLIST_KEY_UISupportedInterfaceOrientations_iPhone = "UIInterfaceOrientationPortrait UIInterfaceOrientationLandscapeLeft UIInterfaceOrientationLandscapeRight";
				IPHONEOS_DEPLOYMENT_TARGET = 15.4;
				LD_RUNPATH_SEARCH_PATHS = (
					"$(inherited)",
					"@executable_path/Frameworks",
				);
				MARKETING_VERSION = 1.0;
				PRODUCT_BUNDLE_IDENTIFIER = "ru.PB.URLWord-HW-PB";
				PRODUCT_NAME = "$(TARGET_NAME)";
				SUPPORTED_PLATFORMS = "iphoneos iphonesimulator";
				SUPPORTS_MACCATALYST = NO;
				SUPPORTS_MAC_DESIGNED_FOR_IPHONE_IPAD = NO;
				SWIFT_EMIT_LOC_STRINGS = YES;
				SWIFT_VERSION = 5.0;
				TARGETED_DEVICE_FAMILY = 1;
			};
			name = Release;
		};
/* End XCBuildConfiguration section */

/* Begin XCConfigurationList section */
		840E0DE42A069583003DDCAF /* Build configuration list for PBXProject "URLWord_HW_PB" */ = {
			isa = XCConfigurationList;
			buildConfigurations = (
				840E0DFB2A069585003DDCAF /* Debug */,
				840E0DFC2A069585003DDCAF /* Release */,
			);
			defaultConfigurationIsVisible = 0;
			defaultConfigurationName = Release;
		};
		840E0DFD2A069585003DDCAF /* Build configuration list for PBXNativeTarget "URLWord_HW_PB" */ = {
			isa = XCConfigurationList;
			buildConfigurations = (
				840E0DFE2A069585003DDCAF /* Debug */,
				840E0DFF2A069585003DDCAF /* Release */,
			);
			defaultConfigurationIsVisible = 0;
			defaultConfigurationName = Release;
		};
/* End XCConfigurationList section */
	};
	rootObject = 840E0DE12A069583003DDCAF /* Project object */;
}
